// !$*UTF8*$!
{
	archiveVersion = 1;
	classes = {
	};
	objectVersion = 56;
	objects = {

/* Begin PBXBuildFile section */
		3E15592F617E9BEF9E1091E5 /* Pods_learn_japanese.framework in Frameworks */ = {isa = PBXBuildFile; fileRef = 600B6B032D28C8A87885B039 /* Pods_learn_japanese.framework */; };
		DF020F8F2C4563BD00DA5483 /* LoginViewController.swift in Sources */ = {isa = PBXBuildFile; fileRef = DF020F8D2C4563BD00DA5483 /* LoginViewController.swift */; };
		DF020F902C4563BD00DA5483 /* LoginViewController.xib in Resources */ = {isa = PBXBuildFile; fileRef = DF020F8E2C4563BD00DA5483 /* LoginViewController.xib */; };
		DF0B32872C456CC300C1BC77 /* LaunchScreen.storyboard in Resources */ = {isa = PBXBuildFile; fileRef = DF0B32862C456CC300C1BC77 /* LaunchScreen.storyboard */; };
		DF0B328D2C45720600C1BC77 /* SplashViewController.swift in Sources */ = {isa = PBXBuildFile; fileRef = DF0B328A2C45720600C1BC77 /* SplashViewController.swift */; };
		DF0B328F2C457CE100C1BC77 /* Main.storyboard in Resources */ = {isa = PBXBuildFile; fileRef = DF0B328E2C457CE100C1BC77 /* Main.storyboard */; };
		DF0B32912C45892400C1BC77 /* UINavigationControllerExtension.swift in Sources */ = {isa = PBXBuildFile; fileRef = DF0B32902C45892400C1BC77 /* UINavigationControllerExtension.swift */; };
		DF0B32932C4809B700C1BC77 /* GradientTextLabel.swift in Sources */ = {isa = PBXBuildFile; fileRef = DF0B32922C4809B700C1BC77 /* GradientTextLabel.swift */; };
		DF0B32952C480FB500C1BC77 /* DefaultButton.swift in Sources */ = {isa = PBXBuildFile; fileRef = DF0B32942C480FB500C1BC77 /* DefaultButton.swift */; };
		DF0B32972C48133000C1BC77 /* DefaultTabBarView.swift in Sources */ = {isa = PBXBuildFile; fileRef = DF0B32962C48133000C1BC77 /* DefaultTabBarView.swift */; };
		DF0B32992C48148100C1BC77 /* LoginViewControllerExtension.swift in Sources */ = {isa = PBXBuildFile; fileRef = DF0B32982C48148100C1BC77 /* LoginViewControllerExtension.swift */; };
		DF0B329B2C4D47E900C1BC77 /* TitleTextField.swift in Sources */ = {isa = PBXBuildFile; fileRef = DF0B329A2C4D47E900C1BC77 /* TitleTextField.swift */; };
		DF1A5D4F2C627E2800ADD61E /* LessonCollectionViewCell.swift in Sources */ = {isa = PBXBuildFile; fileRef = DF1A5D4D2C627E2800ADD61E /* LessonCollectionViewCell.swift */; };
		DF1A5D542C6500A800ADD61E /* LearnSectionViewController.swift in Sources */ = {isa = PBXBuildFile; fileRef = DF1A5D522C6500A800ADD61E /* LearnSectionViewController.swift */; };
		DF1A5D552C6500A800ADD61E /* LearnSectionViewController.xib in Resources */ = {isa = PBXBuildFile; fileRef = DF1A5D532C6500A800ADD61E /* LearnSectionViewController.xib */; };
		DF1A5D582C65079300ADD61E /* LearnSectionViewModel.swift in Sources */ = {isa = PBXBuildFile; fileRef = DF1A5D572C65079300ADD61E /* LearnSectionViewModel.swift */; };
		DF1A5D5A2C650CEC00ADD61E /* ConfirmDialog.swift in Sources */ = {isa = PBXBuildFile; fileRef = DF1A5D592C650CEC00ADD61E /* ConfirmDialog.swift */; };
		DF1A5D5C2C650D0200ADD61E /* ConfirmDialog.xib in Resources */ = {isa = PBXBuildFile; fileRef = DF1A5D5B2C650D0200ADD61E /* ConfirmDialog.xib */; };
		DF1A5D5E2C651F6200ADD61E /* LearnSectionViewControllerExtension.swift in Sources */ = {isa = PBXBuildFile; fileRef = DF1A5D5D2C651F6200ADD61E /* LearnSectionViewControllerExtension.swift */; };
		DF35E4892C68F6480019D9C9 /* ImageTextQuestionCollectionViewCell.swift in Sources */ = {isa = PBXBuildFile; fileRef = DF35E4872C68F6480019D9C9 /* ImageTextQuestionCollectionViewCell.swift */; };
		DF35E48A2C68F6480019D9C9 /* ImageTextQuestionCollectionViewCell.xib in Resources */ = {isa = PBXBuildFile; fileRef = DF35E4882C68F6480019D9C9 /* ImageTextQuestionCollectionViewCell.xib */; };
		DF3E5FFC2C6A4E1300249541 /* WordSortView.swift in Sources */ = {isa = PBXBuildFile; fileRef = DF3E5FFB2C6A4E1300249541 /* WordSortView.swift */; };
		DF3E5FFE2C6B976000249541 /* TextSelectionView.swift in Sources */ = {isa = PBXBuildFile; fileRef = DF3E5FFD2C6B976000249541 /* TextSelectionView.swift */; };
		DF3E60002C6BA63D00249541 /* ImageSelectionView.swift in Sources */ = {isa = PBXBuildFile; fileRef = DF3E5FFF2C6BA63D00249541 /* ImageSelectionView.swift */; };
		DF7B10532C73862F002969E8 /* RealmDatabaseHelper.swift in Sources */ = {isa = PBXBuildFile; fileRef = DF7B10522C73862F002969E8 /* RealmDatabaseHelper.swift */; };
		DF7B10582C738CDA002969E8 /* VocabularyModel.swift in Sources */ = {isa = PBXBuildFile; fileRef = DF7B10572C738CDA002969E8 /* VocabularyModel.swift */; };
		DF91DA572C4D631300C78640 /* LocalizationText.swift in Sources */ = {isa = PBXBuildFile; fileRef = DF91DA562C4D631300C78640 /* LocalizationText.swift */; };
		DF91DA622C4D64D700C78640 /* Localizable.strings in Resources */ = {isa = PBXBuildFile; fileRef = DF91DA602C4D64D700C78640 /* Localizable.strings */; };
		DF91DA672C4EA1F500C78640 /* SignInViewController.xib in Resources */ = {isa = PBXBuildFile; fileRef = DF91DA662C4EA1F500C78640 /* SignInViewController.xib */; };
		DF91DA682C4EA1F500C78640 /* SignInViewController.swift in Sources */ = {isa = PBXBuildFile; fileRef = DF91DA652C4EA1F500C78640 /* SignInViewController.swift */; };
		DF91DA6B2C4EA20400C78640 /* SignUpViewController.xib in Resources */ = {isa = PBXBuildFile; fileRef = DF91DA6A2C4EA20400C78640 /* SignUpViewController.xib */; };
		DF91DA6C2C4EA20400C78640 /* SignUpViewController.swift in Sources */ = {isa = PBXBuildFile; fileRef = DF91DA692C4EA20400C78640 /* SignUpViewController.swift */; };
		DF9A23D52C426F2400A73895 /* Constant.swift in Sources */ = {isa = PBXBuildFile; fileRef = DF9A23D42C426F2400A73895 /* Constant.swift */; };
		DF9A23D92C42710A00A73895 /* BaseViewController.swift in Sources */ = {isa = PBXBuildFile; fileRef = DF9A23D82C42710A00A73895 /* BaseViewController.swift */; };
		DF9A23DE2C42715E00A73895 /* UIViewExtesion.swift in Sources */ = {isa = PBXBuildFile; fileRef = DF9A23DD2C42715E00A73895 /* UIViewExtesion.swift */; };
		DF9A23E02C42729800A73895 /* UIBezierPathExtension.swift in Sources */ = {isa = PBXBuildFile; fileRef = DF9A23DF2C42729800A73895 /* UIBezierPathExtension.swift */; };
		DF9A23E22C4276CB00A73895 /* AppColors.swift in Sources */ = {isa = PBXBuildFile; fileRef = DF9A23E12C4276CB00A73895 /* AppColors.swift */; };
		DF9A23E42C4276D700A73895 /* AppImages.swift in Sources */ = {isa = PBXBuildFile; fileRef = DF9A23E32C4276D700A73895 /* AppImages.swift */; };
		DF9A23E62C4276F000A73895 /* AppLotties.swift in Sources */ = {isa = PBXBuildFile; fileRef = DF9A23E52C4276F000A73895 /* AppLotties.swift */; };
		DF9A23EA2C4287C900A73895 /* lauch.json in Resources */ = {isa = PBXBuildFile; fileRef = DF9A23E92C4287C900A73895 /* lauch.json */; };
		DF9E77E52C5544240087E361 /* GoogleSignInManager.swift in Sources */ = {isa = PBXBuildFile; fileRef = DF9E77E42C5544240087E361 /* GoogleSignInManager.swift */; };
		DF9E77E72C5546050087E361 /* UserManager.swift in Sources */ = {isa = PBXBuildFile; fileRef = DF9E77E62C5546050087E361 /* UserManager.swift */; };
		DF9E77EB2C554B730087E361 /* GoogleService-Info.plist in Resources */ = {isa = PBXBuildFile; fileRef = DF9E77EA2C554B730087E361 /* GoogleService-Info.plist */; };
		DF9E77ED2C5553270087E361 /* FacebookSignInManager.swift in Sources */ = {isa = PBXBuildFile; fileRef = DF9E77EC2C5553270087E361 /* FacebookSignInManager.swift */; };
		DF9E77F02C55E51A0087E361 /* EmailPasswordSignInManager.swift in Sources */ = {isa = PBXBuildFile; fileRef = DF9E77EF2C55E51A0087E361 /* EmailPasswordSignInManager.swift */; };
		DF9E77F22C57CDFA0087E361 /* SignUpManager.swift in Sources */ = {isa = PBXBuildFile; fileRef = DF9E77F12C57CDFA0087E361 /* SignUpManager.swift */; };
		DF9E77F42C57D7710087E361 /* ForgotPasswordManager.swift in Sources */ = {isa = PBXBuildFile; fileRef = DF9E77F32C57D7710087E361 /* ForgotPasswordManager.swift */; };
		DF9E77F82C57DE9A0087E361 /* ForgotPasswordViewController.xib in Resources */ = {isa = PBXBuildFile; fileRef = DF9E77F72C57DE9A0087E361 /* ForgotPasswordViewController.xib */; };
		DF9E77F92C57DE9A0087E361 /* ForgotPasswordViewController.swift in Sources */ = {isa = PBXBuildFile; fileRef = DF9E77F62C57DE9A0087E361 /* ForgotPasswordViewController.swift */; };
		DFA6E8E92C61182100765A11 /* LearnViewController.swift in Sources */ = {isa = PBXBuildFile; fileRef = DFA6E8E62C61182100765A11 /* LearnViewController.swift */; };
		DFA6E8EC2C61184100765A11 /* LearnViewModel.swift in Sources */ = {isa = PBXBuildFile; fileRef = DFA6E8EB2C61184100765A11 /* LearnViewModel.swift */; };
		DFA6E8EF2C611D4D00765A11 /* MainTabBar.storyboard in Resources */ = {isa = PBXBuildFile; fileRef = DFA6E8EE2C611D4D00765A11 /* MainTabBar.storyboard */; };
		DFBA80432C402FA000467A58 /* AppDelegate.swift in Sources */ = {isa = PBXBuildFile; fileRef = DFBA80422C402FA000467A58 /* AppDelegate.swift */; };
		DFBA80452C402FA000467A58 /* SceneDelegate.swift in Sources */ = {isa = PBXBuildFile; fileRef = DFBA80442C402FA000467A58 /* SceneDelegate.swift */; };
		DFBA804C2C402FA100467A58 /* Assets.xcassets in Resources */ = {isa = PBXBuildFile; fileRef = DFBA804B2C402FA100467A58 /* Assets.xcassets */; };
		DFBA805A2C402FA200467A58 /* learn_japaneseTests.swift in Sources */ = {isa = PBXBuildFile; fileRef = DFBA80592C402FA200467A58 /* learn_japaneseTests.swift */; };
		DFBA80642C402FA200467A58 /* learn_japaneseUITests.swift in Sources */ = {isa = PBXBuildFile; fileRef = DFBA80632C402FA200467A58 /* learn_japaneseUITests.swift */; };
		DFBA80662C402FA200467A58 /* learn_japaneseUITestsLaunchTests.swift in Sources */ = {isa = PBXBuildFile; fileRef = DFBA80652C402FA200467A58 /* learn_japaneseUITestsLaunchTests.swift */; };
		DFCD363F2C62634B00F60870 /* MainTabBarViewController.swift in Sources */ = {isa = PBXBuildFile; fileRef = DFCD363E2C62634B00F60870 /* MainTabBarViewController.swift */; };
		DFCD36412C6265E300F60870 /* LessonModel.swift in Sources */ = {isa = PBXBuildFile; fileRef = DFCD36402C6265E300F60870 /* LessonModel.swift */; };
		DFCD36432C62674E00F60870 /* SectionModel.swift in Sources */ = {isa = PBXBuildFile; fileRef = DFCD36422C62674E00F60870 /* SectionModel.swift */; };
		DFCD36482C6275A000F60870 /* LearnViewControllerExtension.swift in Sources */ = {isa = PBXBuildFile; fileRef = DFCD36472C6275A000F60870 /* LearnViewControllerExtension.swift */; };
		DFF8092C2C5E34D800F1EB2C /* HomeViewController.xib in Resources */ = {isa = PBXBuildFile; fileRef = DFF8092B2C5E34D800F1EB2C /* HomeViewController.xib */; };
		DFF8092D2C5E34D800F1EB2C /* HomeViewController.swift in Sources */ = {isa = PBXBuildFile; fileRef = DFF8092A2C5E34D800F1EB2C /* HomeViewController.swift */; };
		DFF8092F2C5E3D7C00F1EB2C /* HomeViewModel.swift in Sources */ = {isa = PBXBuildFile; fileRef = DFF8092E2C5E3D7C00F1EB2C /* HomeViewModel.swift */; };
		DFF809312C5E4AE500F1EB2C /* HomeViewControllerExtension.swift in Sources */ = {isa = PBXBuildFile; fileRef = DFF809302C5E4AE500F1EB2C /* HomeViewControllerExtension.swift */; };
		DFF809352C5E4B2E00F1EB2C /* HomeCollectionViewCell.xib in Resources */ = {isa = PBXBuildFile; fileRef = DFF809342C5E4B2E00F1EB2C /* HomeCollectionViewCell.xib */; };
		DFF809362C5E4B2E00F1EB2C /* HomeCollectionViewCell.swift in Sources */ = {isa = PBXBuildFile; fileRef = DFF809332C5E4B2E00F1EB2C /* HomeCollectionViewCell.swift */; };
		DFF809382C5FC61400F1EB2C /* LessonProgressView.swift in Sources */ = {isa = PBXBuildFile; fileRef = DFF809372C5FC61400F1EB2C /* LessonProgressView.swift */; };
		DFFA31CF2C4FFA5500A2D518 /* TapableView.swift in Sources */ = {isa = PBXBuildFile; fileRef = DFFA31CE2C4FFA5500A2D518 /* TapableView.swift */; };
		DFFF30D82C51638100DADE4A /* Validation.swift in Sources */ = {isa = PBXBuildFile; fileRef = DFFF30D72C51638100DADE4A /* Validation.swift */; };
		DFFF30DC2C52A93E00DADE4A /* LevelSelectionViewController.swift in Sources */ = {isa = PBXBuildFile; fileRef = DFFF30DA2C52A93E00DADE4A /* LevelSelectionViewController.swift */; };
		DFFF30DD2C52A93E00DADE4A /* LevelSelectionViewController.xib in Resources */ = {isa = PBXBuildFile; fileRef = DFFF30DB2C52A93E00DADE4A /* LevelSelectionViewController.xib */; };
/* End PBXBuildFile section */

/* Begin PBXContainerItemProxy section */
		DFBA80562C402FA200467A58 /* PBXContainerItemProxy */ = {
			isa = PBXContainerItemProxy;
			containerPortal = DFBA80372C402FA000467A58 /* Project object */;
			proxyType = 1;
			remoteGlobalIDString = DFBA803E2C402FA000467A58;
			remoteInfo = learn_japanese;
		};
		DFBA80602C402FA200467A58 /* PBXContainerItemProxy */ = {
			isa = PBXContainerItemProxy;
			containerPortal = DFBA80372C402FA000467A58 /* Project object */;
			proxyType = 1;
			remoteGlobalIDString = DFBA803E2C402FA000467A58;
			remoteInfo = learn_japanese;
		};
/* End PBXContainerItemProxy section */

/* Begin PBXFileReference section */
		58059791A81EA65C04A26DFF /* Pods-learn_japanese.debug.xcconfig */ = {isa = PBXFileReference; includeInIndex = 1; lastKnownFileType = text.xcconfig; name = "Pods-learn_japanese.debug.xcconfig"; path = "Target Support Files/Pods-learn_japanese/Pods-learn_japanese.debug.xcconfig"; sourceTree = "<group>"; };
		600B6B032D28C8A87885B039 /* Pods_learn_japanese.framework */ = {isa = PBXFileReference; explicitFileType = wrapper.framework; includeInIndex = 0; path = Pods_learn_japanese.framework; sourceTree = BUILT_PRODUCTS_DIR; };
		D04AF309FE49C92B1567BA42 /* Pods-learn_japanese.release.xcconfig */ = {isa = PBXFileReference; includeInIndex = 1; lastKnownFileType = text.xcconfig; name = "Pods-learn_japanese.release.xcconfig"; path = "Target Support Files/Pods-learn_japanese/Pods-learn_japanese.release.xcconfig"; sourceTree = "<group>"; };
		DF020F8D2C4563BD00DA5483 /* LoginViewController.swift */ = {isa = PBXFileReference; lastKnownFileType = sourcecode.swift; path = LoginViewController.swift; sourceTree = "<group>"; };
		DF020F8E2C4563BD00DA5483 /* LoginViewController.xib */ = {isa = PBXFileReference; lastKnownFileType = file.xib; path = LoginViewController.xib; sourceTree = "<group>"; };
		DF0B32862C456CC300C1BC77 /* LaunchScreen.storyboard */ = {isa = PBXFileReference; lastKnownFileType = file.storyboard; path = LaunchScreen.storyboard; sourceTree = "<group>"; };
		DF0B328A2C45720600C1BC77 /* SplashViewController.swift */ = {isa = PBXFileReference; lastKnownFileType = sourcecode.swift; path = SplashViewController.swift; sourceTree = "<group>"; };
		DF0B328E2C457CE100C1BC77 /* Main.storyboard */ = {isa = PBXFileReference; lastKnownFileType = file.storyboard; path = Main.storyboard; sourceTree = "<group>"; };
		DF0B32902C45892400C1BC77 /* UINavigationControllerExtension.swift */ = {isa = PBXFileReference; lastKnownFileType = sourcecode.swift; path = UINavigationControllerExtension.swift; sourceTree = "<group>"; };
		DF0B32922C4809B700C1BC77 /* GradientTextLabel.swift */ = {isa = PBXFileReference; lastKnownFileType = sourcecode.swift; path = GradientTextLabel.swift; sourceTree = "<group>"; };
		DF0B32942C480FB500C1BC77 /* DefaultButton.swift */ = {isa = PBXFileReference; lastKnownFileType = sourcecode.swift; path = DefaultButton.swift; sourceTree = "<group>"; };
		DF0B32962C48133000C1BC77 /* DefaultTabBarView.swift */ = {isa = PBXFileReference; lastKnownFileType = sourcecode.swift; path = DefaultTabBarView.swift; sourceTree = "<group>"; };
		DF0B32982C48148100C1BC77 /* LoginViewControllerExtension.swift */ = {isa = PBXFileReference; lastKnownFileType = sourcecode.swift; path = LoginViewControllerExtension.swift; sourceTree = "<group>"; };
		DF0B329A2C4D47E900C1BC77 /* TitleTextField.swift */ = {isa = PBXFileReference; lastKnownFileType = sourcecode.swift; path = TitleTextField.swift; sourceTree = "<group>"; };
		DF1A5D4D2C627E2800ADD61E /* LessonCollectionViewCell.swift */ = {isa = PBXFileReference; lastKnownFileType = sourcecode.swift; path = LessonCollectionViewCell.swift; sourceTree = "<group>"; };
		DF1A5D522C6500A800ADD61E /* LearnSectionViewController.swift */ = {isa = PBXFileReference; lastKnownFileType = sourcecode.swift; path = LearnSectionViewController.swift; sourceTree = "<group>"; };
		DF1A5D532C6500A800ADD61E /* LearnSectionViewController.xib */ = {isa = PBXFileReference; lastKnownFileType = file.xib; path = LearnSectionViewController.xib; sourceTree = "<group>"; };
		DF1A5D572C65079300ADD61E /* LearnSectionViewModel.swift */ = {isa = PBXFileReference; lastKnownFileType = sourcecode.swift; path = LearnSectionViewModel.swift; sourceTree = "<group>"; };
		DF1A5D592C650CEC00ADD61E /* ConfirmDialog.swift */ = {isa = PBXFileReference; lastKnownFileType = sourcecode.swift; path = ConfirmDialog.swift; sourceTree = "<group>"; };
		DF1A5D5B2C650D0200ADD61E /* ConfirmDialog.xib */ = {isa = PBXFileReference; lastKnownFileType = file.xib; path = ConfirmDialog.xib; sourceTree = "<group>"; };
		DF1A5D5D2C651F6200ADD61E /* LearnSectionViewControllerExtension.swift */ = {isa = PBXFileReference; lastKnownFileType = sourcecode.swift; path = LearnSectionViewControllerExtension.swift; sourceTree = "<group>"; };
		DF35E4872C68F6480019D9C9 /* ImageTextQuestionCollectionViewCell.swift */ = {isa = PBXFileReference; lastKnownFileType = sourcecode.swift; path = ImageTextQuestionCollectionViewCell.swift; sourceTree = "<group>"; };
		DF35E4882C68F6480019D9C9 /* ImageTextQuestionCollectionViewCell.xib */ = {isa = PBXFileReference; lastKnownFileType = file.xib; path = ImageTextQuestionCollectionViewCell.xib; sourceTree = "<group>"; };
		DF3E5FFB2C6A4E1300249541 /* WordSortView.swift */ = {isa = PBXFileReference; lastKnownFileType = sourcecode.swift; path = WordSortView.swift; sourceTree = "<group>"; };
		DF3E5FFD2C6B976000249541 /* TextSelectionView.swift */ = {isa = PBXFileReference; lastKnownFileType = sourcecode.swift; path = TextSelectionView.swift; sourceTree = "<group>"; };
		DF3E5FFF2C6BA63D00249541 /* ImageSelectionView.swift */ = {isa = PBXFileReference; lastKnownFileType = sourcecode.swift; path = ImageSelectionView.swift; sourceTree = "<group>"; };
		DF7B10522C73862F002969E8 /* RealmDatabaseHelper.swift */ = {isa = PBXFileReference; lastKnownFileType = sourcecode.swift; path = RealmDatabaseHelper.swift; sourceTree = "<group>"; };
		DF7B10572C738CDA002969E8 /* VocabularyModel.swift */ = {isa = PBXFileReference; lastKnownFileType = sourcecode.swift; path = VocabularyModel.swift; sourceTree = "<group>"; };
		DF91DA562C4D631300C78640 /* LocalizationText.swift */ = {isa = PBXFileReference; lastKnownFileType = sourcecode.swift; path = LocalizationText.swift; sourceTree = "<group>"; };
		DF91DA612C4D64D700C78640 /* vi */ = {isa = PBXFileReference; lastKnownFileType = text.plist.strings; name = vi; path = vi.lproj/Localizable.strings; sourceTree = "<group>"; };
		DF91DA632C4D64DE00C78640 /* en */ = {isa = PBXFileReference; lastKnownFileType = text.plist.strings; name = en; path = en.lproj/Localizable.strings; sourceTree = "<group>"; };
		DF91DA652C4EA1F500C78640 /* SignInViewController.swift */ = {isa = PBXFileReference; lastKnownFileType = sourcecode.swift; path = SignInViewController.swift; sourceTree = "<group>"; };
		DF91DA662C4EA1F500C78640 /* SignInViewController.xib */ = {isa = PBXFileReference; lastKnownFileType = file.xib; path = SignInViewController.xib; sourceTree = "<group>"; };
		DF91DA692C4EA20400C78640 /* SignUpViewController.swift */ = {isa = PBXFileReference; lastKnownFileType = sourcecode.swift; path = SignUpViewController.swift; sourceTree = "<group>"; };
		DF91DA6A2C4EA20400C78640 /* SignUpViewController.xib */ = {isa = PBXFileReference; lastKnownFileType = file.xib; path = SignUpViewController.xib; sourceTree = "<group>"; };
		DF9A23D42C426F2400A73895 /* Constant.swift */ = {isa = PBXFileReference; lastKnownFileType = sourcecode.swift; path = Constant.swift; sourceTree = "<group>"; };
		DF9A23D82C42710A00A73895 /* BaseViewController.swift */ = {isa = PBXFileReference; lastKnownFileType = sourcecode.swift; path = BaseViewController.swift; sourceTree = "<group>"; };
		DF9A23DD2C42715E00A73895 /* UIViewExtesion.swift */ = {isa = PBXFileReference; lastKnownFileType = sourcecode.swift; path = UIViewExtesion.swift; sourceTree = "<group>"; };
		DF9A23DF2C42729800A73895 /* UIBezierPathExtension.swift */ = {isa = PBXFileReference; lastKnownFileType = sourcecode.swift; path = UIBezierPathExtension.swift; sourceTree = "<group>"; };
		DF9A23E12C4276CB00A73895 /* AppColors.swift */ = {isa = PBXFileReference; lastKnownFileType = sourcecode.swift; path = AppColors.swift; sourceTree = "<group>"; };
		DF9A23E32C4276D700A73895 /* AppImages.swift */ = {isa = PBXFileReference; lastKnownFileType = sourcecode.swift; path = AppImages.swift; sourceTree = "<group>"; };
		DF9A23E52C4276F000A73895 /* AppLotties.swift */ = {isa = PBXFileReference; lastKnownFileType = sourcecode.swift; path = AppLotties.swift; sourceTree = "<group>"; };
		DF9A23E92C4287C900A73895 /* lauch.json */ = {isa = PBXFileReference; fileEncoding = 4; lastKnownFileType = text.json; path = lauch.json; sourceTree = "<group>"; };
		DF9E77E42C5544240087E361 /* GoogleSignInManager.swift */ = {isa = PBXFileReference; lastKnownFileType = sourcecode.swift; path = GoogleSignInManager.swift; sourceTree = "<group>"; };
		DF9E77E62C5546050087E361 /* UserManager.swift */ = {isa = PBXFileReference; lastKnownFileType = sourcecode.swift; path = UserManager.swift; sourceTree = "<group>"; };
		DF9E77EA2C554B730087E361 /* GoogleService-Info.plist */ = {isa = PBXFileReference; fileEncoding = 4; lastKnownFileType = text.plist.xml; path = "GoogleService-Info.plist"; sourceTree = "<group>"; };
		DF9E77EC2C5553270087E361 /* FacebookSignInManager.swift */ = {isa = PBXFileReference; lastKnownFileType = sourcecode.swift; path = FacebookSignInManager.swift; sourceTree = "<group>"; };
		DF9E77EE2C55553E0087E361 /* learn_japanese.entitlements */ = {isa = PBXFileReference; lastKnownFileType = text.plist.entitlements; path = learn_japanese.entitlements; sourceTree = "<group>"; };
		DF9E77EF2C55E51A0087E361 /* EmailPasswordSignInManager.swift */ = {isa = PBXFileReference; lastKnownFileType = sourcecode.swift; path = EmailPasswordSignInManager.swift; sourceTree = "<group>"; };
		DF9E77F12C57CDFA0087E361 /* SignUpManager.swift */ = {isa = PBXFileReference; lastKnownFileType = sourcecode.swift; path = SignUpManager.swift; sourceTree = "<group>"; };
		DF9E77F32C57D7710087E361 /* ForgotPasswordManager.swift */ = {isa = PBXFileReference; lastKnownFileType = sourcecode.swift; path = ForgotPasswordManager.swift; sourceTree = "<group>"; };
		DF9E77F62C57DE9A0087E361 /* ForgotPasswordViewController.swift */ = {isa = PBXFileReference; lastKnownFileType = sourcecode.swift; path = ForgotPasswordViewController.swift; sourceTree = "<group>"; };
		DF9E77F72C57DE9A0087E361 /* ForgotPasswordViewController.xib */ = {isa = PBXFileReference; lastKnownFileType = file.xib; path = ForgotPasswordViewController.xib; sourceTree = "<group>"; };
		DFA6E8E62C61182100765A11 /* LearnViewController.swift */ = {isa = PBXFileReference; lastKnownFileType = sourcecode.swift; path = LearnViewController.swift; sourceTree = "<group>"; };
		DFA6E8EB2C61184100765A11 /* LearnViewModel.swift */ = {isa = PBXFileReference; lastKnownFileType = sourcecode.swift; path = LearnViewModel.swift; sourceTree = "<group>"; };
		DFA6E8EE2C611D4D00765A11 /* MainTabBar.storyboard */ = {isa = PBXFileReference; lastKnownFileType = file.storyboard; path = MainTabBar.storyboard; sourceTree = "<group>"; };
		DFBA803F2C402FA000467A58 /* learn_japanese.app */ = {isa = PBXFileReference; explicitFileType = wrapper.application; includeInIndex = 0; path = learn_japanese.app; sourceTree = BUILT_PRODUCTS_DIR; };
		DFBA80422C402FA000467A58 /* AppDelegate.swift */ = {isa = PBXFileReference; lastKnownFileType = sourcecode.swift; path = AppDelegate.swift; sourceTree = "<group>"; };
		DFBA80442C402FA000467A58 /* SceneDelegate.swift */ = {isa = PBXFileReference; lastKnownFileType = sourcecode.swift; path = SceneDelegate.swift; sourceTree = "<group>"; };
		DFBA804B2C402FA100467A58 /* Assets.xcassets */ = {isa = PBXFileReference; lastKnownFileType = folder.assetcatalog; path = Assets.xcassets; sourceTree = "<group>"; };
		DFBA80502C402FA100467A58 /* Info.plist */ = {isa = PBXFileReference; lastKnownFileType = text.plist.xml; path = Info.plist; sourceTree = "<group>"; };
		DFBA80552C402FA200467A58 /* learn_japaneseTests.xctest */ = {isa = PBXFileReference; explicitFileType = wrapper.cfbundle; includeInIndex = 0; path = learn_japaneseTests.xctest; sourceTree = BUILT_PRODUCTS_DIR; };
		DFBA80592C402FA200467A58 /* learn_japaneseTests.swift */ = {isa = PBXFileReference; lastKnownFileType = sourcecode.swift; path = learn_japaneseTests.swift; sourceTree = "<group>"; };
		DFBA805F2C402FA200467A58 /* learn_japaneseUITests.xctest */ = {isa = PBXFileReference; explicitFileType = wrapper.cfbundle; includeInIndex = 0; path = learn_japaneseUITests.xctest; sourceTree = BUILT_PRODUCTS_DIR; };
		DFBA80632C402FA200467A58 /* learn_japaneseUITests.swift */ = {isa = PBXFileReference; lastKnownFileType = sourcecode.swift; path = learn_japaneseUITests.swift; sourceTree = "<group>"; };
		DFBA80652C402FA200467A58 /* learn_japaneseUITestsLaunchTests.swift */ = {isa = PBXFileReference; lastKnownFileType = sourcecode.swift; path = learn_japaneseUITestsLaunchTests.swift; sourceTree = "<group>"; };
		DFCD363E2C62634B00F60870 /* MainTabBarViewController.swift */ = {isa = PBXFileReference; lastKnownFileType = sourcecode.swift; path = MainTabBarViewController.swift; sourceTree = "<group>"; };
		DFCD36402C6265E300F60870 /* LessonModel.swift */ = {isa = PBXFileReference; lastKnownFileType = sourcecode.swift; path = LessonModel.swift; sourceTree = "<group>"; };
		DFCD36422C62674E00F60870 /* SectionModel.swift */ = {isa = PBXFileReference; lastKnownFileType = sourcecode.swift; path = SectionModel.swift; sourceTree = "<group>"; };
		DFCD36472C6275A000F60870 /* LearnViewControllerExtension.swift */ = {isa = PBXFileReference; lastKnownFileType = sourcecode.swift; path = LearnViewControllerExtension.swift; sourceTree = "<group>"; };
		DFF8092A2C5E34D800F1EB2C /* HomeViewController.swift */ = {isa = PBXFileReference; lastKnownFileType = sourcecode.swift; path = HomeViewController.swift; sourceTree = "<group>"; };
		DFF8092B2C5E34D800F1EB2C /* HomeViewController.xib */ = {isa = PBXFileReference; lastKnownFileType = file.xib; path = HomeViewController.xib; sourceTree = "<group>"; };
		DFF8092E2C5E3D7C00F1EB2C /* HomeViewModel.swift */ = {isa = PBXFileReference; lastKnownFileType = sourcecode.swift; path = HomeViewModel.swift; sourceTree = "<group>"; };
		DFF809302C5E4AE500F1EB2C /* HomeViewControllerExtension.swift */ = {isa = PBXFileReference; lastKnownFileType = sourcecode.swift; path = HomeViewControllerExtension.swift; sourceTree = "<group>"; };
		DFF809332C5E4B2E00F1EB2C /* HomeCollectionViewCell.swift */ = {isa = PBXFileReference; lastKnownFileType = sourcecode.swift; path = HomeCollectionViewCell.swift; sourceTree = "<group>"; };
		DFF809342C5E4B2E00F1EB2C /* HomeCollectionViewCell.xib */ = {isa = PBXFileReference; lastKnownFileType = file.xib; path = HomeCollectionViewCell.xib; sourceTree = "<group>"; };
		DFF809372C5FC61400F1EB2C /* LessonProgressView.swift */ = {isa = PBXFileReference; lastKnownFileType = sourcecode.swift; path = LessonProgressView.swift; sourceTree = "<group>"; };
		DFFA31CE2C4FFA5500A2D518 /* TapableView.swift */ = {isa = PBXFileReference; lastKnownFileType = sourcecode.swift; path = TapableView.swift; sourceTree = "<group>"; };
		DFFF30D72C51638100DADE4A /* Validation.swift */ = {isa = PBXFileReference; lastKnownFileType = sourcecode.swift; path = Validation.swift; sourceTree = "<group>"; };
		DFFF30DA2C52A93E00DADE4A /* LevelSelectionViewController.swift */ = {isa = PBXFileReference; lastKnownFileType = sourcecode.swift; path = LevelSelectionViewController.swift; sourceTree = "<group>"; };
		DFFF30DB2C52A93E00DADE4A /* LevelSelectionViewController.xib */ = {isa = PBXFileReference; lastKnownFileType = file.xib; path = LevelSelectionViewController.xib; sourceTree = "<group>"; };
/* End PBXFileReference section */

/* Begin PBXFrameworksBuildPhase section */
		DFBA803C2C402FA000467A58 /* Frameworks */ = {
			isa = PBXFrameworksBuildPhase;
			buildActionMask = 2147483647;
			files = (
				3E15592F617E9BEF9E1091E5 /* Pods_learn_japanese.framework in Frameworks */,
			);
			runOnlyForDeploymentPostprocessing = 0;
		};
		DFBA80522C402FA200467A58 /* Frameworks */ = {
			isa = PBXFrameworksBuildPhase;
			buildActionMask = 2147483647;
			files = (
			);
			runOnlyForDeploymentPostprocessing = 0;
		};
		DFBA805C2C402FA200467A58 /* Frameworks */ = {
			isa = PBXFrameworksBuildPhase;
			buildActionMask = 2147483647;
			files = (
			);
			runOnlyForDeploymentPostprocessing = 0;
		};
/* End PBXFrameworksBuildPhase section */

/* Begin PBXGroup section */
		469939AC4411898E915223B0 /* Frameworks */ = {
			isa = PBXGroup;
			children = (
				600B6B032D28C8A87885B039 /* Pods_learn_japanese.framework */,
			);
			name = Frameworks;
			sourceTree = "<group>";
		};
		C9629DCF324ACD8085EFB02E /* Pods */ = {
			isa = PBXGroup;
			children = (
				58059791A81EA65C04A26DFF /* Pods-learn_japanese.debug.xcconfig */,
				D04AF309FE49C92B1567BA42 /* Pods-learn_japanese.release.xcconfig */,
			);
			path = Pods;
			sourceTree = "<group>";
		};
		DF020F8C2C45637900DA5483 /* Login */ = {
			isa = PBXGroup;
			children = (
				DF91DA642C4EA19000C78640 /* ChildrenViewController */,
				DF020F8D2C4563BD00DA5483 /* LoginViewController.swift */,
				DF020F8E2C4563BD00DA5483 /* LoginViewController.xib */,
				DF0B32982C48148100C1BC77 /* LoginViewControllerExtension.swift */,
			);
			path = Login;
			sourceTree = "<group>";
		};
		DF1A5D512C65007D00ADD61E /* LearnSection */ = {
			isa = PBXGroup;
			children = (
				DF35E4862C68F2E20019D9C9 /* Cell */,
				DF1A5D562C6500B200ADD61E /* ViewModel */,
				DF1A5D522C6500A800ADD61E /* LearnSectionViewController.swift */,
				DF1A5D532C6500A800ADD61E /* LearnSectionViewController.xib */,
				DF1A5D5D2C651F6200ADD61E /* LearnSectionViewControllerExtension.swift */,
			);
			path = LearnSection;
			sourceTree = "<group>";
		};
		DF1A5D562C6500B200ADD61E /* ViewModel */ = {
			isa = PBXGroup;
			children = (
				DF1A5D572C65079300ADD61E /* LearnSectionViewModel.swift */,
			);
			path = ViewModel;
			sourceTree = "<group>";
		};
		DF35E4862C68F2E20019D9C9 /* Cell */ = {
			isa = PBXGroup;
			children = (
				DF35E4872C68F6480019D9C9 /* ImageTextQuestionCollectionViewCell.swift */,
				DF35E4882C68F6480019D9C9 /* ImageTextQuestionCollectionViewCell.xib */,
			);
			path = Cell;
			sourceTree = "<group>";
		};
		DF7B10562C738CB4002969E8 /* Models */ = {
			isa = PBXGroup;
			children = (
				DF7B10572C738CDA002969E8 /* VocabularyModel.swift */,
			);
			path = Models;
			sourceTree = "<group>";
		};
		DF91DA512C4D621D00C78640 /* Localizations */ = {
			isa = PBXGroup;
			children = (
				DF91DA562C4D631300C78640 /* LocalizationText.swift */,
				DF91DA602C4D64D700C78640 /* Localizable.strings */,
			);
			path = Localizations;
			sourceTree = "<group>";
		};
		DF91DA642C4EA19000C78640 /* ChildrenViewController */ = {
			isa = PBXGroup;
			children = (
				DF91DA652C4EA1F500C78640 /* SignInViewController.swift */,
				DF91DA662C4EA1F500C78640 /* SignInViewController.xib */,
				DF91DA692C4EA20400C78640 /* SignUpViewController.swift */,
				DF91DA6A2C4EA20400C78640 /* SignUpViewController.xib */,
			);
			path = ChildrenViewController;
			sourceTree = "<group>";
		};
		DF9A23D62C42708500A73895 /* UI */ = {
			isa = PBXGroup;
			children = (
				DF9A23DC2C42714A00A73895 /* Extension */,
				DF9A23D72C4270A400A73895 /* Common */,
				DFBA80762C40326600467A58 /* Base */,
				DFBA80732C40304D00467A58 /* Screen */,
			);
			path = UI;
			sourceTree = "<group>";
		};
		DF9A23D72C4270A400A73895 /* Common */ = {
			isa = PBXGroup;
			children = (
				DF0B32922C4809B700C1BC77 /* GradientTextLabel.swift */,
				DF0B32942C480FB500C1BC77 /* DefaultButton.swift */,
				DF0B32962C48133000C1BC77 /* DefaultTabBarView.swift */,
				DF0B329A2C4D47E900C1BC77 /* TitleTextField.swift */,
				DFFA31CE2C4FFA5500A2D518 /* TapableView.swift */,
				DF1A5D592C650CEC00ADD61E /* ConfirmDialog.swift */,
				DF1A5D5B2C650D0200ADD61E /* ConfirmDialog.xib */,
				DF3E5FFB2C6A4E1300249541 /* WordSortView.swift */,
				DF3E5FFD2C6B976000249541 /* TextSelectionView.swift */,
				DF3E5FFF2C6BA63D00249541 /* ImageSelectionView.swift */,
			);
			path = Common;
			sourceTree = "<group>";
		};
		DF9A23DC2C42714A00A73895 /* Extension */ = {
			isa = PBXGroup;
			children = (
				DF9A23DD2C42715E00A73895 /* UIViewExtesion.swift */,
				DF9A23DF2C42729800A73895 /* UIBezierPathExtension.swift */,
				DF0B32902C45892400C1BC77 /* UINavigationControllerExtension.swift */,
			);
			path = Extension;
			sourceTree = "<group>";
		};
		DF9E77E32C5543F20087E361 /* Firebase */ = {
			isa = PBXGroup;
			children = (
				DF9E77E42C5544240087E361 /* GoogleSignInManager.swift */,
				DF9E77E62C5546050087E361 /* UserManager.swift */,
				DF9E77EC2C5553270087E361 /* FacebookSignInManager.swift */,
				DF9E77EF2C55E51A0087E361 /* EmailPasswordSignInManager.swift */,
				DF9E77F12C57CDFA0087E361 /* SignUpManager.swift */,
				DF9E77F32C57D7710087E361 /* ForgotPasswordManager.swift */,
			);
			path = Firebase;
			sourceTree = "<group>";
		};
		DF9E77F52C57DE700087E361 /* ForgotPassword */ = {
			isa = PBXGroup;
			children = (
				DF9E77F62C57DE9A0087E361 /* ForgotPasswordViewController.swift */,
				DF9E77F72C57DE9A0087E361 /* ForgotPasswordViewController.xib */,
			);
			path = ForgotPassword;
			sourceTree = "<group>";
		};
		DFA6E8E52C6117FB00765A11 /* Lessson */ = {
			isa = PBXGroup;
			children = (
				DFCD36442C62752D00F60870 /* Cell */,
				DFA6E8EA2C61183100765A11 /* ViewModel */,
				DFA6E8E62C61182100765A11 /* LearnViewController.swift */,
				DFCD36472C6275A000F60870 /* LearnViewControllerExtension.swift */,
			);
			path = Lessson;
			sourceTree = "<group>";
		};
		DFA6E8EA2C61183100765A11 /* ViewModel */ = {
			isa = PBXGroup;
			children = (
				DFA6E8EB2C61184100765A11 /* LearnViewModel.swift */,
			);
			path = ViewModel;
			sourceTree = "<group>";
		};
		DFA6E8ED2C611D2500765A11 /* MainTabBar */ = {
			isa = PBXGroup;
			children = (
				DFA6E8E52C6117FB00765A11 /* Lessson */,
				DFA6E8EE2C611D4D00765A11 /* MainTabBar.storyboard */,
				DFCD363E2C62634B00F60870 /* MainTabBarViewController.swift */,
			);
			path = MainTabBar;
			sourceTree = "<group>";
		};
		DFBA80362C402FA000467A58 = {
			isa = PBXGroup;
			children = (
				DFBA80412C402FA000467A58 /* learn_japanese */,
				DFBA80582C402FA200467A58 /* learn_japaneseTests */,
				DFBA80622C402FA200467A58 /* learn_japaneseUITests */,
				DFBA80402C402FA000467A58 /* Products */,
				C9629DCF324ACD8085EFB02E /* Pods */,
				469939AC4411898E915223B0 /* Frameworks */,
			);
			sourceTree = "<group>";
		};
		DFBA80402C402FA000467A58 /* Products */ = {
			isa = PBXGroup;
			children = (
				DFBA803F2C402FA000467A58 /* learn_japanese.app */,
				DFBA80552C402FA200467A58 /* learn_japaneseTests.xctest */,
				DFBA805F2C402FA200467A58 /* learn_japaneseUITests.xctest */,
			);
			name = Products;
			sourceTree = "<group>";
		};
		DFBA80412C402FA000467A58 /* learn_japanese */ = {
			isa = PBXGroup;
			children = (
				DF9E77EE2C55553E0087E361 /* learn_japanese.entitlements */,
				DF9E77EA2C554B730087E361 /* GoogleService-Info.plist */,
				DF9A23D62C42708500A73895 /* UI */,
				DFBA80792C4032D000467A58 /* Utils */,
				DFBA80782C4032AB00467A58 /* Network */,
				DFBA80772C4032A200467A58 /* Database */,
				DFBA80752C40323A00467A58 /* Models */,
				DFBA80742C4030F800467A58 /* Resources */,
				DFBA80722C402FDB00467A58 /* App */,
				DFBA80502C402FA100467A58 /* Info.plist */,
				DF0B328E2C457CE100C1BC77 /* Main.storyboard */,
				DF0B32862C456CC300C1BC77 /* LaunchScreen.storyboard */,
			);
			path = learn_japanese;
			sourceTree = "<group>";
		};
		DFBA80582C402FA200467A58 /* learn_japaneseTests */ = {
			isa = PBXGroup;
			children = (
				DFBA80592C402FA200467A58 /* learn_japaneseTests.swift */,
			);
			path = learn_japaneseTests;
			sourceTree = "<group>";
		};
		DFBA80622C402FA200467A58 /* learn_japaneseUITests */ = {
			isa = PBXGroup;
			children = (
				DFBA80632C402FA200467A58 /* learn_japaneseUITests.swift */,
				DFBA80652C402FA200467A58 /* learn_japaneseUITestsLaunchTests.swift */,
			);
			path = learn_japaneseUITests;
			sourceTree = "<group>";
		};
		DFBA80722C402FDB00467A58 /* App */ = {
			isa = PBXGroup;
			children = (
				DFBA80422C402FA000467A58 /* AppDelegate.swift */,
				DFBA80442C402FA000467A58 /* SceneDelegate.swift */,
				DF0B328A2C45720600C1BC77 /* SplashViewController.swift */,
			);
			path = App;
			sourceTree = "<group>";
		};
		DFBA80732C40304D00467A58 /* Screen */ = {
			isa = PBXGroup;
			children = (
				DF1A5D512C65007D00ADD61E /* LearnSection */,
				DFA6E8ED2C611D2500765A11 /* MainTabBar */,
				DFF809292C5E346600F1EB2C /* Home */,
				DF9E77F52C57DE700087E361 /* ForgotPassword */,
				DFFF30D92C52A8A600DADE4A /* LevelSelection */,
				DF020F8C2C45637900DA5483 /* Login */,
			);
			path = Screen;
			sourceTree = "<group>";
		};
		DFBA80742C4030F800467A58 /* Resources */ = {
			isa = PBXGroup;
			children = (
				DF91DA512C4D621D00C78640 /* Localizations */,
				DFBA804B2C402FA100467A58 /* Assets.xcassets */,
				DF9A23E92C4287C900A73895 /* lauch.json */,
				DF9A23E12C4276CB00A73895 /* AppColors.swift */,
				DF9A23E32C4276D700A73895 /* AppImages.swift */,
				DF9A23E52C4276F000A73895 /* AppLotties.swift */,
			);
			path = Resources;
			sourceTree = "<group>";
		};
		DFBA80752C40323A00467A58 /* Models */ = {
			isa = PBXGroup;
			children = (
				DFCD36402C6265E300F60870 /* LessonModel.swift */,
				DFCD36422C62674E00F60870 /* SectionModel.swift */,
			);
			path = Models;
			sourceTree = "<group>";
		};
		DFBA80762C40326600467A58 /* Base */ = {
			isa = PBXGroup;
			children = (
				DF9A23D82C42710A00A73895 /* BaseViewController.swift */,
			);
			path = Base;
			sourceTree = "<group>";
		};
		DFBA80772C4032A200467A58 /* Database */ = {
			isa = PBXGroup;
			children = (
				DF7B10562C738CB4002969E8 /* Models */,
				DF7B10522C73862F002969E8 /* RealmDatabaseHelper.swift */,
			);
			path = Database;
			sourceTree = "<group>";
		};
		DFBA80782C4032AB00467A58 /* Network */ = {
			isa = PBXGroup;
			children = (
				DFBA807A2C4032F600467A58 /* Firebase */,
			);
			path = Network;
			sourceTree = "<group>";
		};
		DFBA80792C4032D000467A58 /* Utils */ = {
			isa = PBXGroup;
			children = (
				DF9E77E32C5543F20087E361 /* Firebase */,
				DF9A23D42C426F2400A73895 /* Constant.swift */,
				DFFF30D72C51638100DADE4A /* Validation.swift */,
			);
			path = Utils;
			sourceTree = "<group>";
		};
		DFBA807A2C4032F600467A58 /* Firebase */ = {
			isa = PBXGroup;
			children = (
			);
			path = Firebase;
			sourceTree = "<group>";
		};
		DFCD36442C62752D00F60870 /* Cell */ = {
			isa = PBXGroup;
			children = (
				DF1A5D4D2C627E2800ADD61E /* LessonCollectionViewCell.swift */,
			);
			path = Cell;
			sourceTree = "<group>";
		};
		DFF809292C5E346600F1EB2C /* Home */ = {
			isa = PBXGroup;
			children = (
				DFF809392C5FC7AE00F1EB2C /* ViewModel */,
				DFF809322C5E4B1700F1EB2C /* Cell */,
				DFF8092A2C5E34D800F1EB2C /* HomeViewController.swift */,
				DFF8092B2C5E34D800F1EB2C /* HomeViewController.xib */,
				DFF809302C5E4AE500F1EB2C /* HomeViewControllerExtension.swift */,
			);
			path = Home;
			sourceTree = "<group>";
		};
		DFF809322C5E4B1700F1EB2C /* Cell */ = {
			isa = PBXGroup;
			children = (
				DFF809332C5E4B2E00F1EB2C /* HomeCollectionViewCell.swift */,
				DFF809342C5E4B2E00F1EB2C /* HomeCollectionViewCell.xib */,
				DFF809372C5FC61400F1EB2C /* LessonProgressView.swift */,
			);
			path = Cell;
			sourceTree = "<group>";
		};
		DFF809392C5FC7AE00F1EB2C /* ViewModel */ = {
			isa = PBXGroup;
			children = (
				DFF8092E2C5E3D7C00F1EB2C /* HomeViewModel.swift */,
			);
			path = ViewModel;
			sourceTree = "<group>";
		};
		DFFF30D92C52A8A600DADE4A /* LevelSelection */ = {
			isa = PBXGroup;
			children = (
				DFFF30DA2C52A93E00DADE4A /* LevelSelectionViewController.swift */,
				DFFF30DB2C52A93E00DADE4A /* LevelSelectionViewController.xib */,
			);
			path = LevelSelection;
			sourceTree = "<group>";
		};
/* End PBXGroup section */

/* Begin PBXNativeTarget section */
		DFBA803E2C402FA000467A58 /* learn_japanese */ = {
			isa = PBXNativeTarget;
			buildConfigurationList = DFBA80692C402FA200467A58 /* Build configuration list for PBXNativeTarget "learn_japanese" */;
			buildPhases = (
				A806EA1F69BA7351BE70A664 /* [CP] Check Pods Manifest.lock */,
				DFBA803B2C402FA000467A58 /* Sources */,
				DFBA803C2C402FA000467A58 /* Frameworks */,
				DFBA803D2C402FA000467A58 /* Resources */,
				30B11ECF556B770B1B2B720E /* [CP] Embed Pods Frameworks */,
			);
			buildRules = (
			);
			dependencies = (
			);
			name = learn_japanese;
			productName = learn_japanese;
			productReference = DFBA803F2C402FA000467A58 /* learn_japanese.app */;
			productType = "com.apple.product-type.application";
		};
		DFBA80542C402FA200467A58 /* learn_japaneseTests */ = {
			isa = PBXNativeTarget;
			buildConfigurationList = DFBA806C2C402FA200467A58 /* Build configuration list for PBXNativeTarget "learn_japaneseTests" */;
			buildPhases = (
				DFBA80512C402FA200467A58 /* Sources */,
				DFBA80522C402FA200467A58 /* Frameworks */,
				DFBA80532C402FA200467A58 /* Resources */,
			);
			buildRules = (
			);
			dependencies = (
				DFBA80572C402FA200467A58 /* PBXTargetDependency */,
			);
			name = learn_japaneseTests;
			productName = learn_japaneseTests;
			productReference = DFBA80552C402FA200467A58 /* learn_japaneseTests.xctest */;
			productType = "com.apple.product-type.bundle.unit-test";
		};
		DFBA805E2C402FA200467A58 /* learn_japaneseUITests */ = {
			isa = PBXNativeTarget;
			buildConfigurationList = DFBA806F2C402FA200467A58 /* Build configuration list for PBXNativeTarget "learn_japaneseUITests" */;
			buildPhases = (
				DFBA805B2C402FA200467A58 /* Sources */,
				DFBA805C2C402FA200467A58 /* Frameworks */,
				DFBA805D2C402FA200467A58 /* Resources */,
			);
			buildRules = (
			);
			dependencies = (
				DFBA80612C402FA200467A58 /* PBXTargetDependency */,
			);
			name = learn_japaneseUITests;
			productName = learn_japaneseUITests;
			productReference = DFBA805F2C402FA200467A58 /* learn_japaneseUITests.xctest */;
			productType = "com.apple.product-type.bundle.ui-testing";
		};
/* End PBXNativeTarget section */

/* Begin PBXProject section */
		DFBA80372C402FA000467A58 /* Project object */ = {
			isa = PBXProject;
			attributes = {
				BuildIndependentTargetsInParallel = 1;
				LastSwiftUpdateCheck = 1540;
				LastUpgradeCheck = 1540;
				TargetAttributes = {
					DFBA803E2C402FA000467A58 = {
						CreatedOnToolsVersion = 15.4;
					};
					DFBA80542C402FA200467A58 = {
						CreatedOnToolsVersion = 15.4;
						TestTargetID = DFBA803E2C402FA000467A58;
					};
					DFBA805E2C402FA200467A58 = {
						CreatedOnToolsVersion = 15.4;
						TestTargetID = DFBA803E2C402FA000467A58;
					};
				};
			};
			buildConfigurationList = DFBA803A2C402FA000467A58 /* Build configuration list for PBXProject "learn_japanese" */;
			compatibilityVersion = "Xcode 14.0";
			developmentRegion = vi;
			hasScannedForEncodings = 0;
			knownRegions = (
				en,
				Base,
				vi,
			);
			mainGroup = DFBA80362C402FA000467A58;
			productRefGroup = DFBA80402C402FA000467A58 /* Products */;
			projectDirPath = "";
			projectRoot = "";
			targets = (
				DFBA803E2C402FA000467A58 /* learn_japanese */,
				DFBA80542C402FA200467A58 /* learn_japaneseTests */,
				DFBA805E2C402FA200467A58 /* learn_japaneseUITests */,
			);
		};
/* End PBXProject section */

/* Begin PBXResourcesBuildPhase section */
		DFBA803D2C402FA000467A58 /* Resources */ = {
			isa = PBXResourcesBuildPhase;
			buildActionMask = 2147483647;
			files = (
				DF1A5D5C2C650D0200ADD61E /* ConfirmDialog.xib in Resources */,
				DF020F902C4563BD00DA5483 /* LoginViewController.xib in Resources */,
				DF91DA622C4D64D700C78640 /* Localizable.strings in Resources */,
				DFBA804C2C402FA100467A58 /* Assets.xcassets in Resources */,
				DF0B32872C456CC300C1BC77 /* LaunchScreen.storyboard in Resources */,
				DF91DA672C4EA1F500C78640 /* SignInViewController.xib in Resources */,
				DFA6E8EF2C611D4D00765A11 /* MainTabBar.storyboard in Resources */,
				DFFF30DD2C52A93E00DADE4A /* LevelSelectionViewController.xib in Resources */,
				DF35E48A2C68F6480019D9C9 /* ImageTextQuestionCollectionViewCell.xib in Resources */,
				DF0B328F2C457CE100C1BC77 /* Main.storyboard in Resources */,
				DF9E77EB2C554B730087E361 /* GoogleService-Info.plist in Resources */,
				DF1A5D552C6500A800ADD61E /* LearnSectionViewController.xib in Resources */,
				DF9E77F82C57DE9A0087E361 /* ForgotPasswordViewController.xib in Resources */,
				DF91DA6B2C4EA20400C78640 /* SignUpViewController.xib in Resources */,
				DF9A23EA2C4287C900A73895 /* lauch.json in Resources */,
				DFF809352C5E4B2E00F1EB2C /* HomeCollectionViewCell.xib in Resources */,
				DFF8092C2C5E34D800F1EB2C /* HomeViewController.xib in Resources */,
			);
			runOnlyForDeploymentPostprocessing = 0;
		};
		DFBA80532C402FA200467A58 /* Resources */ = {
			isa = PBXResourcesBuildPhase;
			buildActionMask = 2147483647;
			files = (
			);
			runOnlyForDeploymentPostprocessing = 0;
		};
		DFBA805D2C402FA200467A58 /* Resources */ = {
			isa = PBXResourcesBuildPhase;
			buildActionMask = 2147483647;
			files = (
			);
			runOnlyForDeploymentPostprocessing = 0;
		};
/* End PBXResourcesBuildPhase section */

/* Begin PBXShellScriptBuildPhase section */
		30B11ECF556B770B1B2B720E /* [CP] Embed Pods Frameworks */ = {
			isa = PBXShellScriptBuildPhase;
			buildActionMask = 2147483647;
			files = (
			);
			inputFileListPaths = (
				"${PODS_ROOT}/Target Support Files/Pods-learn_japanese/Pods-learn_japanese-frameworks-${CONFIGURATION}-input-files.xcfilelist",
			);
			name = "[CP] Embed Pods Frameworks";
			outputFileListPaths = (
				"${PODS_ROOT}/Target Support Files/Pods-learn_japanese/Pods-learn_japanese-frameworks-${CONFIGURATION}-output-files.xcfilelist",
			);
			runOnlyForDeploymentPostprocessing = 0;
			shellPath = /bin/sh;
			shellScript = "\"${PODS_ROOT}/Target Support Files/Pods-learn_japanese/Pods-learn_japanese-frameworks.sh\"\n";
			showEnvVarsInLog = 0;
		};
		A806EA1F69BA7351BE70A664 /* [CP] Check Pods Manifest.lock */ = {
			isa = PBXShellScriptBuildPhase;
			buildActionMask = 2147483647;
			files = (
			);
			inputFileListPaths = (
			);
			inputPaths = (
				"${PODS_PODFILE_DIR_PATH}/Podfile.lock",
				"${PODS_ROOT}/Manifest.lock",
			);
			name = "[CP] Check Pods Manifest.lock";
			outputFileListPaths = (
			);
			outputPaths = (
				"$(DERIVED_FILE_DIR)/Pods-learn_japanese-checkManifestLockResult.txt",
			);
			runOnlyForDeploymentPostprocessing = 0;
			shellPath = /bin/sh;
			shellScript = "diff \"${PODS_PODFILE_DIR_PATH}/Podfile.lock\" \"${PODS_ROOT}/Manifest.lock\" > /dev/null\nif [ $? != 0 ] ; then\n    # print error to STDERR\n    echo \"error: The sandbox is not in sync with the Podfile.lock. Run 'pod install' or update your CocoaPods installation.\" >&2\n    exit 1\nfi\n# This output is used by Xcode 'outputs' to avoid re-running this script phase.\necho \"SUCCESS\" > \"${SCRIPT_OUTPUT_FILE_0}\"\n";
			showEnvVarsInLog = 0;
		};
/* End PBXShellScriptBuildPhase section */

/* Begin PBXSourcesBuildPhase section */
		DFBA803B2C402FA000467A58 /* Sources */ = {
			isa = PBXSourcesBuildPhase;
			buildActionMask = 2147483647;
			files = (
				DF9A23D92C42710A00A73895 /* BaseViewController.swift in Sources */,
				DF9A23E22C4276CB00A73895 /* AppColors.swift in Sources */,
				DFA6E8E92C61182100765A11 /* LearnViewController.swift in Sources */,
				DFF8092D2C5E34D800F1EB2C /* HomeViewController.swift in Sources */,
				DFF8092F2C5E3D7C00F1EB2C /* HomeViewModel.swift in Sources */,
				DF35E4892C68F6480019D9C9 /* ImageTextQuestionCollectionViewCell.swift in Sources */,
				DFF809382C5FC61400F1EB2C /* LessonProgressView.swift in Sources */,
				DFFF30D82C51638100DADE4A /* Validation.swift in Sources */,
				DF9E77ED2C5553270087E361 /* FacebookSignInManager.swift in Sources */,
				DF9A23DE2C42715E00A73895 /* UIViewExtesion.swift in Sources */,
				DF91DA572C4D631300C78640 /* LocalizationText.swift in Sources */,
				DF0B328D2C45720600C1BC77 /* SplashViewController.swift in Sources */,
				DF1A5D5E2C651F6200ADD61E /* LearnSectionViewControllerExtension.swift in Sources */,
				DF9A23E62C4276F000A73895 /* AppLotties.swift in Sources */,
				DF1A5D5A2C650CEC00ADD61E /* ConfirmDialog.swift in Sources */,
				DF0B329B2C4D47E900C1BC77 /* TitleTextField.swift in Sources */,
				DFF809312C5E4AE500F1EB2C /* HomeViewControllerExtension.swift in Sources */,
				DFCD36432C62674E00F60870 /* SectionModel.swift in Sources */,
				DF9E77F42C57D7710087E361 /* ForgotPasswordManager.swift in Sources */,
				DF9E77F02C55E51A0087E361 /* EmailPasswordSignInManager.swift in Sources */,
				DFBA80432C402FA000467A58 /* AppDelegate.swift in Sources */,
				DFCD36412C6265E300F60870 /* LessonModel.swift in Sources */,
				DF9E77F22C57CDFA0087E361 /* SignUpManager.swift in Sources */,
				DF0B32932C4809B700C1BC77 /* GradientTextLabel.swift in Sources */,
				DF91DA682C4EA1F500C78640 /* SignInViewController.swift in Sources */,
				DF7B10582C738CDA002969E8 /* VocabularyModel.swift in Sources */,
				DF3E60002C6BA63D00249541 /* ImageSelectionView.swift in Sources */,
				DFBA80452C402FA000467A58 /* SceneDelegate.swift in Sources */,
				DF0B32912C45892400C1BC77 /* UINavigationControllerExtension.swift in Sources */,
				DF1A5D542C6500A800ADD61E /* LearnSectionViewController.swift in Sources */,
				DF1A5D4F2C627E2800ADD61E /* LessonCollectionViewCell.swift in Sources */,
				DF9A23E02C42729800A73895 /* UIBezierPathExtension.swift in Sources */,
				DF0B32992C48148100C1BC77 /* LoginViewControllerExtension.swift in Sources */,
				DF91DA6C2C4EA20400C78640 /* SignUpViewController.swift in Sources */,
				DFFA31CF2C4FFA5500A2D518 /* TapableView.swift in Sources */,
				DF9A23D52C426F2400A73895 /* Constant.swift in Sources */,
				DF9E77E72C5546050087E361 /* UserManager.swift in Sources */,
				DFFF30DC2C52A93E00DADE4A /* LevelSelectionViewController.swift in Sources */,
				DFA6E8EC2C61184100765A11 /* LearnViewModel.swift in Sources */,
				DF7B10532C73862F002969E8 /* RealmDatabaseHelper.swift in Sources */,
				DFF809362C5E4B2E00F1EB2C /* HomeCollectionViewCell.swift in Sources */,
				DF9A23E42C4276D700A73895 /* AppImages.swift in Sources */,
				DFCD363F2C62634B00F60870 /* MainTabBarViewController.swift in Sources */,
				DF3E5FFE2C6B976000249541 /* TextSelectionView.swift in Sources */,
				DF9E77E52C5544240087E361 /* GoogleSignInManager.swift in Sources */,
				DF9E77F92C57DE9A0087E361 /* ForgotPasswordViewController.swift in Sources */,
				DF020F8F2C4563BD00DA5483 /* LoginViewController.swift in Sources */,
				DFCD36482C6275A000F60870 /* LearnViewControllerExtension.swift in Sources */,
				DF1A5D582C65079300ADD61E /* LearnSectionViewModel.swift in Sources */,
				DF0B32972C48133000C1BC77 /* DefaultTabBarView.swift in Sources */,
				DF0B32952C480FB500C1BC77 /* DefaultButton.swift in Sources */,
				DF3E5FFC2C6A4E1300249541 /* WordSortView.swift in Sources */,
			);
			runOnlyForDeploymentPostprocessing = 0;
		};
		DFBA80512C402FA200467A58 /* Sources */ = {
			isa = PBXSourcesBuildPhase;
			buildActionMask = 2147483647;
			files = (
				DFBA805A2C402FA200467A58 /* learn_japaneseTests.swift in Sources */,
			);
			runOnlyForDeploymentPostprocessing = 0;
		};
		DFBA805B2C402FA200467A58 /* Sources */ = {
			isa = PBXSourcesBuildPhase;
			buildActionMask = 2147483647;
			files = (
				DFBA80662C402FA200467A58 /* learn_japaneseUITestsLaunchTests.swift in Sources */,
				DFBA80642C402FA200467A58 /* learn_japaneseUITests.swift in Sources */,
			);
			runOnlyForDeploymentPostprocessing = 0;
		};
/* End PBXSourcesBuildPhase section */

/* Begin PBXTargetDependency section */
		DFBA80572C402FA200467A58 /* PBXTargetDependency */ = {
			isa = PBXTargetDependency;
			target = DFBA803E2C402FA000467A58 /* learn_japanese */;
			targetProxy = DFBA80562C402FA200467A58 /* PBXContainerItemProxy */;
		};
		DFBA80612C402FA200467A58 /* PBXTargetDependency */ = {
			isa = PBXTargetDependency;
			target = DFBA803E2C402FA000467A58 /* learn_japanese */;
			targetProxy = DFBA80602C402FA200467A58 /* PBXContainerItemProxy */;
		};
/* End PBXTargetDependency section */

/* Begin PBXVariantGroup section */
		DF91DA602C4D64D700C78640 /* Localizable.strings */ = {
			isa = PBXVariantGroup;
			children = (
				DF91DA612C4D64D700C78640 /* vi */,
				DF91DA632C4D64DE00C78640 /* en */,
			);
			name = Localizable.strings;
			sourceTree = "<group>";
		};
/* End PBXVariantGroup section */

/* Begin XCBuildConfiguration section */
		DFBA80672C402FA200467A58 /* Debug */ = {
			isa = XCBuildConfiguration;
			buildSettings = {
				ALWAYS_SEARCH_USER_PATHS = NO;
				ASSETCATALOG_COMPILER_GENERATE_SWIFT_ASSET_SYMBOL_EXTENSIONS = YES;
				CLANG_ANALYZER_NONNULL = YES;
				CLANG_ANALYZER_NUMBER_OBJECT_CONVERSION = YES_AGGRESSIVE;
				CLANG_CXX_LANGUAGE_STANDARD = "gnu++20";
				CLANG_ENABLE_MODULES = YES;
				CLANG_ENABLE_OBJC_ARC = YES;
				CLANG_ENABLE_OBJC_WEAK = YES;
				CLANG_WARN_BLOCK_CAPTURE_AUTORELEASING = YES;
				CLANG_WARN_BOOL_CONVERSION = YES;
				CLANG_WARN_COMMA = YES;
				CLANG_WARN_CONSTANT_CONVERSION = YES;
				CLANG_WARN_DEPRECATED_OBJC_IMPLEMENTATIONS = YES;
				CLANG_WARN_DIRECT_OBJC_ISA_USAGE = YES_ERROR;
				CLANG_WARN_DOCUMENTATION_COMMENTS = YES;
				CLANG_WARN_EMPTY_BODY = YES;
				CLANG_WARN_ENUM_CONVERSION = YES;
				CLANG_WARN_INFINITE_RECURSION = YES;
				CLANG_WARN_INT_CONVERSION = YES;
				CLANG_WARN_NON_LITERAL_NULL_CONVERSION = YES;
				CLANG_WARN_OBJC_IMPLICIT_RETAIN_SELF = YES;
				CLANG_WARN_OBJC_LITERAL_CONVERSION = YES;
				CLANG_WARN_OBJC_ROOT_CLASS = YES_ERROR;
				CLANG_WARN_QUOTED_INCLUDE_IN_FRAMEWORK_HEADER = YES;
				CLANG_WARN_RANGE_LOOP_ANALYSIS = YES;
				CLANG_WARN_STRICT_PROTOTYPES = YES;
				CLANG_WARN_SUSPICIOUS_MOVE = YES;
				CLANG_WARN_UNGUARDED_AVAILABILITY = YES_AGGRESSIVE;
				CLANG_WARN_UNREACHABLE_CODE = YES;
				CLANG_WARN__DUPLICATE_METHOD_MATCH = YES;
				COPY_PHASE_STRIP = NO;
				DEBUG_INFORMATION_FORMAT = dwarf;
				ENABLE_STRICT_OBJC_MSGSEND = YES;
				ENABLE_TESTABILITY = YES;
				ENABLE_USER_SCRIPT_SANDBOXING = NO;
				GCC_C_LANGUAGE_STANDARD = gnu17;
				GCC_DYNAMIC_NO_PIC = NO;
				GCC_NO_COMMON_BLOCKS = YES;
				GCC_OPTIMIZATION_LEVEL = 0;
				GCC_PREPROCESSOR_DEFINITIONS = (
					"DEBUG=1",
					"$(inherited)",
				);
				GCC_WARN_64_TO_32_BIT_CONVERSION = YES;
				GCC_WARN_ABOUT_RETURN_TYPE = YES_ERROR;
				GCC_WARN_UNDECLARED_SELECTOR = YES;
				GCC_WARN_UNINITIALIZED_AUTOS = YES_AGGRESSIVE;
				GCC_WARN_UNUSED_FUNCTION = YES;
				GCC_WARN_UNUSED_VARIABLE = YES;
				IPHONEOS_DEPLOYMENT_TARGET = 17.5;
				LOCALIZATION_PREFERS_STRING_CATALOGS = YES;
				MTL_ENABLE_DEBUG_INFO = INCLUDE_SOURCE;
				MTL_FAST_MATH = YES;
				ONLY_ACTIVE_ARCH = YES;
				SDKROOT = iphoneos;
				SWIFT_ACTIVE_COMPILATION_CONDITIONS = "DEBUG $(inherited)";
				SWIFT_OPTIMIZATION_LEVEL = "-Onone";
			};
			name = Debug;
		};
		DFBA80682C402FA200467A58 /* Release */ = {
			isa = XCBuildConfiguration;
			buildSettings = {
				ALWAYS_SEARCH_USER_PATHS = NO;
				ASSETCATALOG_COMPILER_GENERATE_SWIFT_ASSET_SYMBOL_EXTENSIONS = YES;
				CLANG_ANALYZER_NONNULL = YES;
				CLANG_ANALYZER_NUMBER_OBJECT_CONVERSION = YES_AGGRESSIVE;
				CLANG_CXX_LANGUAGE_STANDARD = "gnu++20";
				CLANG_ENABLE_MODULES = YES;
				CLANG_ENABLE_OBJC_ARC = YES;
				CLANG_ENABLE_OBJC_WEAK = YES;
				CLANG_WARN_BLOCK_CAPTURE_AUTORELEASING = YES;
				CLANG_WARN_BOOL_CONVERSION = YES;
				CLANG_WARN_COMMA = YES;
				CLANG_WARN_CONSTANT_CONVERSION = YES;
				CLANG_WARN_DEPRECATED_OBJC_IMPLEMENTATIONS = YES;
				CLANG_WARN_DIRECT_OBJC_ISA_USAGE = YES_ERROR;
				CLANG_WARN_DOCUMENTATION_COMMENTS = YES;
				CLANG_WARN_EMPTY_BODY = YES;
				CLANG_WARN_ENUM_CONVERSION = YES;
				CLANG_WARN_INFINITE_RECURSION = YES;
				CLANG_WARN_INT_CONVERSION = YES;
				CLANG_WARN_NON_LITERAL_NULL_CONVERSION = YES;
				CLANG_WARN_OBJC_IMPLICIT_RETAIN_SELF = YES;
				CLANG_WARN_OBJC_LITERAL_CONVERSION = YES;
				CLANG_WARN_OBJC_ROOT_CLASS = YES_ERROR;
				CLANG_WARN_QUOTED_INCLUDE_IN_FRAMEWORK_HEADER = YES;
				CLANG_WARN_RANGE_LOOP_ANALYSIS = YES;
				CLANG_WARN_STRICT_PROTOTYPES = YES;
				CLANG_WARN_SUSPICIOUS_MOVE = YES;
				CLANG_WARN_UNGUARDED_AVAILABILITY = YES_AGGRESSIVE;
				CLANG_WARN_UNREACHABLE_CODE = YES;
				CLANG_WARN__DUPLICATE_METHOD_MATCH = YES;
				COPY_PHASE_STRIP = NO;
				DEBUG_INFORMATION_FORMAT = "dwarf-with-dsym";
				ENABLE_NS_ASSERTIONS = NO;
				ENABLE_STRICT_OBJC_MSGSEND = YES;
				ENABLE_USER_SCRIPT_SANDBOXING = NO;
				GCC_C_LANGUAGE_STANDARD = gnu17;
				GCC_NO_COMMON_BLOCKS = YES;
				GCC_WARN_64_TO_32_BIT_CONVERSION = YES;
				GCC_WARN_ABOUT_RETURN_TYPE = YES_ERROR;
				GCC_WARN_UNDECLARED_SELECTOR = YES;
				GCC_WARN_UNINITIALIZED_AUTOS = YES_AGGRESSIVE;
				GCC_WARN_UNUSED_FUNCTION = YES;
				GCC_WARN_UNUSED_VARIABLE = YES;
				IPHONEOS_DEPLOYMENT_TARGET = 17.5;
				LOCALIZATION_PREFERS_STRING_CATALOGS = YES;
				MTL_ENABLE_DEBUG_INFO = NO;
				MTL_FAST_MATH = YES;
				SDKROOT = iphoneos;
				SWIFT_COMPILATION_MODE = wholemodule;
				VALIDATE_PRODUCT = YES;
			};
			name = Release;
		};
		DFBA806A2C402FA200467A58 /* Debug */ = {
			isa = XCBuildConfiguration;
			baseConfigurationReference = 58059791A81EA65C04A26DFF /* Pods-learn_japanese.debug.xcconfig */;
			buildSettings = {
				ASSETCATALOG_COMPILER_APPICON_NAME = AppIcon;
				ASSETCATALOG_COMPILER_GLOBAL_ACCENT_COLOR_NAME = AccentColor;
				ASSETCATALOG_COMPILER_INCLUDE_ALL_APPICON_ASSETS = NO;
				CODE_SIGN_ENTITLEMENTS = learn_japanese/learn_japanese.entitlements;
				CODE_SIGN_STYLE = Automatic;
				CURRENT_PROJECT_VERSION = 1;
				DEVELOPMENT_TEAM = 2J99UR45ND;
				GENERATE_INFOPLIST_FILE = YES;
				INFOPLIST_FILE = learn_japanese/Info.plist;
				INFOPLIST_KEY_CFBundleDisplayName = "Learn Japanese";
				INFOPLIST_KEY_UIApplicationSupportsIndirectInputEvents = YES;
				INFOPLIST_KEY_UILaunchStoryboardName = LaunchScreen.storyboard;
				INFOPLIST_KEY_UIMainStoryboardFile = Main;
				INFOPLIST_KEY_UISupportedInterfaceOrientations_iPad = "UIInterfaceOrientationPortrait UIInterfaceOrientationPortraitUpsideDown UIInterfaceOrientationLandscapeLeft UIInterfaceOrientationLandscapeRight";
				INFOPLIST_KEY_UISupportedInterfaceOrientations_iPhone = "UIInterfaceOrientationPortrait UIInterfaceOrientationLandscapeLeft UIInterfaceOrientationLandscapeRight";
				IPHONEOS_DEPLOYMENT_TARGET = 14.0;
				LD_RUNPATH_SEARCH_PATHS = (
					"$(inherited)",
					"@executable_path/Frameworks",
				);
				MARKETING_VERSION = 1.0;
				PRODUCT_BUNDLE_IDENTIFIER = hunguet21.learnJapanese;
				PRODUCT_NAME = "$(TARGET_NAME)";
				SWIFT_EMIT_LOC_STRINGS = YES;
				SWIFT_VERSION = 5.0;
				TARGETED_DEVICE_FAMILY = "1,2";
			};
			name = Debug;
		};
		DFBA806B2C402FA200467A58 /* Release */ = {
			isa = XCBuildConfiguration;
			baseConfigurationReference = D04AF309FE49C92B1567BA42 /* Pods-learn_japanese.release.xcconfig */;
			buildSettings = {
				ASSETCATALOG_COMPILER_APPICON_NAME = AppIcon;
				ASSETCATALOG_COMPILER_GLOBAL_ACCENT_COLOR_NAME = AccentColor;
				ASSETCATALOG_COMPILER_INCLUDE_ALL_APPICON_ASSETS = NO;
				CODE_SIGN_ENTITLEMENTS = learn_japanese/learn_japanese.entitlements;
				CODE_SIGN_STYLE = Automatic;
				CURRENT_PROJECT_VERSION = 1;
				DEVELOPMENT_TEAM = 2J99UR45ND;
				GENERATE_INFOPLIST_FILE = YES;
				INFOPLIST_FILE = learn_japanese/Info.plist;
				INFOPLIST_KEY_CFBundleDisplayName = "Learn Japanese";
				INFOPLIST_KEY_UIApplicationSupportsIndirectInputEvents = YES;
				INFOPLIST_KEY_UILaunchStoryboardName = LaunchScreen.storyboard;
				INFOPLIST_KEY_UIMainStoryboardFile = Main;
				INFOPLIST_KEY_UISupportedInterfaceOrientations_iPad = "UIInterfaceOrientationPortrait UIInterfaceOrientationPortraitUpsideDown UIInterfaceOrientationLandscapeLeft UIInterfaceOrientationLandscapeRight";
				INFOPLIST_KEY_UISupportedInterfaceOrientations_iPhone = "UIInterfaceOrientationPortrait UIInterfaceOrientationLandscapeLeft UIInterfaceOrientationLandscapeRight";
				IPHONEOS_DEPLOYMENT_TARGET = 14.0;
				LD_RUNPATH_SEARCH_PATHS = (
					"$(inherited)",
					"@executable_path/Frameworks",
				);
				MARKETING_VERSION = 1.0;
				PRODUCT_BUNDLE_IDENTIFIER = hunguet21.learnJapanese;
				PRODUCT_NAME = "$(TARGET_NAME)";
				SWIFT_EMIT_LOC_STRINGS = YES;
				SWIFT_VERSION = 5.0;
				TARGETED_DEVICE_FAMILY = "1,2";
			};
			name = Release;
		};
		DFBA806D2C402FA200467A58 /* Debug */ = {
			isa = XCBuildConfiguration;
			buildSettings = {
				ALWAYS_EMBED_SWIFT_STANDARD_LIBRARIES = YES;
				BUNDLE_LOADER = "$(TEST_HOST)";
				CODE_SIGN_STYLE = Automatic;
				CURRENT_PROJECT_VERSION = 1;
				DEVELOPMENT_TEAM = 2J99UR45ND;
				GENERATE_INFOPLIST_FILE = YES;
				IPHONEOS_DEPLOYMENT_TARGET = 17.5;
				MARKETING_VERSION = 1.0;
				PRODUCT_BUNDLE_IDENTIFIER = "hunguet21.learn-japaneseTests";
				PRODUCT_NAME = "$(TARGET_NAME)";
				SWIFT_EMIT_LOC_STRINGS = NO;
				SWIFT_VERSION = 5.0;
				TARGETED_DEVICE_FAMILY = "1,2";
				TEST_HOST = "$(BUILT_PRODUCTS_DIR)/learn_japanese.app/$(BUNDLE_EXECUTABLE_FOLDER_PATH)/learn_japanese";
			};
			name = Debug;
		};
		DFBA806E2C402FA200467A58 /* Release */ = {
			isa = XCBuildConfiguration;
			buildSettings = {
				ALWAYS_EMBED_SWIFT_STANDARD_LIBRARIES = YES;
				BUNDLE_LOADER = "$(TEST_HOST)";
				CODE_SIGN_STYLE = Automatic;
				CURRENT_PROJECT_VERSION = 1;
				DEVELOPMENT_TEAM = 2J99UR45ND;
				GENERATE_INFOPLIST_FILE = YES;
				IPHONEOS_DEPLOYMENT_TARGET = 17.5;
				MARKETING_VERSION = 1.0;
				PRODUCT_BUNDLE_IDENTIFIER = "hunguet21.learn-japaneseTests";
				PRODUCT_NAME = "$(TARGET_NAME)";
				SWIFT_EMIT_LOC_STRINGS = NO;
				SWIFT_VERSION = 5.0;
				TARGETED_DEVICE_FAMILY = "1,2";
				TEST_HOST = "$(BUILT_PRODUCTS_DIR)/learn_japanese.app/$(BUNDLE_EXECUTABLE_FOLDER_PATH)/learn_japanese";
			};
			name = Release;
		};
		DFBA80702C402FA200467A58 /* Debug */ = {
			isa = XCBuildConfiguration;
			buildSettings = {
				ALWAYS_EMBED_SWIFT_STANDARD_LIBRARIES = YES;
				CODE_SIGN_STYLE = Automatic;
				CURRENT_PROJECT_VERSION = 1;
				DEVELOPMENT_TEAM = 2J99UR45ND;
				GENERATE_INFOPLIST_FILE = YES;
				MARKETING_VERSION = 1.0;
				PRODUCT_BUNDLE_IDENTIFIER = "hunguet21.learn-japaneseUITests";
				PRODUCT_NAME = "$(TARGET_NAME)";
				SWIFT_EMIT_LOC_STRINGS = NO;
				SWIFT_VERSION = 5.0;
				TARGETED_DEVICE_FAMILY = "1,2";
				TEST_TARGET_NAME = learn_japanese;
			};
			name = Debug;
		};
		DFBA80712C402FA200467A58 /* Release */ = {
			isa = XCBuildConfiguration;
			buildSettings = {
				ALWAYS_EMBED_SWIFT_STANDARD_LIBRARIES = YES;
				CODE_SIGN_STYLE = Automatic;
				CURRENT_PROJECT_VERSION = 1;
				DEVELOPMENT_TEAM = 2J99UR45ND;
				GENERATE_INFOPLIST_FILE = YES;
				MARKETING_VERSION = 1.0;
				PRODUCT_BUNDLE_IDENTIFIER = "hunguet21.learn-japaneseUITests";
				PRODUCT_NAME = "$(TARGET_NAME)";
				SWIFT_EMIT_LOC_STRINGS = NO;
				SWIFT_VERSION = 5.0;
				TARGETED_DEVICE_FAMILY = "1,2";
				TEST_TARGET_NAME = learn_japanese;
			};
			name = Release;
		};
/* End XCBuildConfiguration section */

/* Begin XCConfigurationList section */
		DFBA803A2C402FA000467A58 /* Build configuration list for PBXProject "learn_japanese" */ = {
			isa = XCConfigurationList;
			buildConfigurations = (
				DFBA80672C402FA200467A58 /* Debug */,
				DFBA80682C402FA200467A58 /* Release */,
			);
			defaultConfigurationIsVisible = 0;
			defaultConfigurationName = Release;
		};
		DFBA80692C402FA200467A58 /* Build configuration list for PBXNativeTarget "learn_japanese" */ = {
			isa = XCConfigurationList;
			buildConfigurations = (
				DFBA806A2C402FA200467A58 /* Debug */,
				DFBA806B2C402FA200467A58 /* Release */,
			);
			defaultConfigurationIsVisible = 0;
			defaultConfigurationName = Release;
		};
		DFBA806C2C402FA200467A58 /* Build configuration list for PBXNativeTarget "learn_japaneseTests" */ = {
			isa = XCConfigurationList;
			buildConfigurations = (
				DFBA806D2C402FA200467A58 /* Debug */,
				DFBA806E2C402FA200467A58 /* Release */,
			);
			defaultConfigurationIsVisible = 0;
			defaultConfigurationName = Release;
		};
		DFBA806F2C402FA200467A58 /* Build configuration list for PBXNativeTarget "learn_japaneseUITests" */ = {
			isa = XCConfigurationList;
			buildConfigurations = (
				DFBA80702C402FA200467A58 /* Debug */,
				DFBA80712C402FA200467A58 /* Release */,
			);
			defaultConfigurationIsVisible = 0;
			defaultConfigurationName = Release;
		};
/* End XCConfigurationList section */
	};
	rootObject = DFBA80372C402FA000467A58 /* Project object */;
}
